// !$*UTF8*$!
{
	archiveVersion = 1;
	classes = {
	};
	objectVersion = 50;
	objects = {

/* Begin PBXBuildFile section */
		1D01ADE7BFCDDCE8BCD0549F /* libPods-RYNetworking.a in Frameworks */ = {isa = PBXBuildFile; fileRef = F907DFFD8F4E7F29BB2C80B6 /* libPods-RYNetworking.a */; };
		7563FC0E20CE2EA400F21D59 /* AppDelegate.m in Sources */ = {isa = PBXBuildFile; fileRef = 7563FC0D20CE2EA400F21D59 /* AppDelegate.m */; };
		7563FC1120CE2EA400F21D59 /* ViewController.m in Sources */ = {isa = PBXBuildFile; fileRef = 7563FC1020CE2EA400F21D59 /* ViewController.m */; };
		7563FC1420CE2EA400F21D59 /* Main.storyboard in Resources */ = {isa = PBXBuildFile; fileRef = 7563FC1220CE2EA400F21D59 /* Main.storyboard */; };
		7563FC1620CE2EA500F21D59 /* Assets.xcassets in Resources */ = {isa = PBXBuildFile; fileRef = 7563FC1520CE2EA500F21D59 /* Assets.xcassets */; };
		7563FC1920CE2EA500F21D59 /* LaunchScreen.storyboard in Resources */ = {isa = PBXBuildFile; fileRef = 7563FC1720CE2EA500F21D59 /* LaunchScreen.storyboard */; };
		7563FC1C20CE2EA500F21D59 /* main.m in Sources */ = {isa = PBXBuildFile; fileRef = 7563FC1B20CE2EA500F21D59 /* main.m */; };
		7563FC3820CE2F3B00F21D59 /* RYNetworkManager.m in Sources */ = {isa = PBXBuildFile; fileRef = 7563FC2720CE2F3B00F21D59 /* RYNetworkManager.m */; };
		7563FC3920CE2F3B00F21D59 /* RYNetworkTool.m in Sources */ = {isa = PBXBuildFile; fileRef = 7563FC2820CE2F3B00F21D59 /* RYNetworkTool.m */; };
		7563FC3A20CE2F3B00F21D59 /* RYNetworkError.m in Sources */ = {isa = PBXBuildFile; fileRef = 7563FC2920CE2F3B00F21D59 /* RYNetworkError.m */; };
		7563FC3B20CE2F3B00F21D59 /* RYNetworkResponse.m in Sources */ = {isa = PBXBuildFile; fileRef = 7563FC2A20CE2F3B00F21D59 /* RYNetworkResponse.m */; };
		7563FC3C20CE2F3B00F21D59 /* RYNetworkRequest.m in Sources */ = {isa = PBXBuildFile; fileRef = 7563FC2B20CE2F3B00F21D59 /* RYNetworkRequest.m */; };
		7563FC3D20CE2F3B00F21D59 /* RYHttpClient.m in Sources */ = {isa = PBXBuildFile; fileRef = 7563FC3020CE2F3B00F21D59 /* RYHttpClient.m */; };
		7563FC3E20CE2F3B00F21D59 /* RYBatchRequest.m in Sources */ = {isa = PBXBuildFile; fileRef = 7563FC3120CE2F3B00F21D59 /* RYBatchRequest.m */; };
		7563FC3F20CE2F3B00F21D59 /* RYNetworkConfig.m in Sources */ = {isa = PBXBuildFile; fileRef = 7563FC3620CE2F3B00F21D59 /* RYNetworkConfig.m */; };
		7563FC4020CE2F3B00F21D59 /* RYChainRequest.m in Sources */ = {isa = PBXBuildFile; fileRef = 7563FC3720CE2F3B00F21D59 /* RYChainRequest.m */; };
/* End PBXBuildFile section */

/* Begin PBXFileReference section */
		7563FC0920CE2EA400F21D59 /* RYNetworking.app */ = {isa = PBXFileReference; explicitFileType = wrapper.application; includeInIndex = 0; path = RYNetworking.app; sourceTree = BUILT_PRODUCTS_DIR; };
		7563FC0C20CE2EA400F21D59 /* AppDelegate.h */ = {isa = PBXFileReference; lastKnownFileType = sourcecode.c.h; path = AppDelegate.h; sourceTree = "<group>"; };
		7563FC0D20CE2EA400F21D59 /* AppDelegate.m */ = {isa = PBXFileReference; lastKnownFileType = sourcecode.c.objc; path = AppDelegate.m; sourceTree = "<group>"; };
		7563FC0F20CE2EA400F21D59 /* ViewController.h */ = {isa = PBXFileReference; lastKnownFileType = sourcecode.c.h; path = ViewController.h; sourceTree = "<group>"; };
		7563FC1020CE2EA400F21D59 /* ViewController.m */ = {isa = PBXFileReference; lastKnownFileType = sourcecode.c.objc; path = ViewController.m; sourceTree = "<group>"; };
		7563FC1320CE2EA400F21D59 /* Base */ = {isa = PBXFileReference; lastKnownFileType = file.storyboard; name = Base; path = Base.lproj/Main.storyboard; sourceTree = "<group>"; };
		7563FC1520CE2EA500F21D59 /* Assets.xcassets */ = {isa = PBXFileReference; lastKnownFileType = folder.assetcatalog; path = Assets.xcassets; sourceTree = "<group>"; };
		7563FC1820CE2EA500F21D59 /* Base */ = {isa = PBXFileReference; lastKnownFileType = file.storyboard; name = Base; path = Base.lproj/LaunchScreen.storyboard; sourceTree = "<group>"; };
		7563FC1A20CE2EA500F21D59 /* Info.plist */ = {isa = PBXFileReference; lastKnownFileType = text.plist.xml; path = Info.plist; sourceTree = "<group>"; };
		7563FC1B20CE2EA500F21D59 /* main.m */ = {isa = PBXFileReference; lastKnownFileType = sourcecode.c.objc; path = main.m; sourceTree = "<group>"; };
		7563FC2420CE2F3B00F21D59 /* RYNetworkResponse.h */ = {isa = PBXFileReference; fileEncoding = 4; lastKnownFileType = sourcecode.c.h; path = RYNetworkResponse.h; sourceTree = "<group>"; };
		7563FC2520CE2F3B00F21D59 /* RYNetworkError.h */ = {isa = PBXFileReference; fileEncoding = 4; lastKnownFileType = sourcecode.c.h; path = RYNetworkError.h; sourceTree = "<group>"; };
		7563FC2620CE2F3B00F21D59 /* RYNetworkRequest.h */ = {isa = PBXFileReference; fileEncoding = 4; lastKnownFileType = sourcecode.c.h; path = RYNetworkRequest.h; sourceTree = "<group>"; };
		7563FC2720CE2F3B00F21D59 /* RYNetworkManager.m */ = {isa = PBXFileReference; fileEncoding = 4; lastKnownFileType = sourcecode.c.objc; path = RYNetworkManager.m; sourceTree = "<group>"; };
		7563FC2820CE2F3B00F21D59 /* RYNetworkTool.m */ = {isa = PBXFileReference; fileEncoding = 4; lastKnownFileType = sourcecode.c.objc; path = RYNetworkTool.m; sourceTree = "<group>"; };
		7563FC2920CE2F3B00F21D59 /* RYNetworkError.m */ = {isa = PBXFileReference; fileEncoding = 4; lastKnownFileType = sourcecode.c.objc; path = RYNetworkError.m; sourceTree = "<group>"; };
		7563FC2A20CE2F3B00F21D59 /* RYNetworkResponse.m */ = {isa = PBXFileReference; fileEncoding = 4; lastKnownFileType = sourcecode.c.objc; path = RYNetworkResponse.m; sourceTree = "<group>"; };
		7563FC2B20CE2F3B00F21D59 /* RYNetworkRequest.m */ = {isa = PBXFileReference; fileEncoding = 4; lastKnownFileType = sourcecode.c.objc; path = RYNetworkRequest.m; sourceTree = "<group>"; };
		7563FC2C20CE2F3B00F21D59 /* RYNetworkManager.h */ = {isa = PBXFileReference; fileEncoding = 4; lastKnownFileType = sourcecode.c.h; path = RYNetworkManager.h; sourceTree = "<group>"; };
		7563FC2D20CE2F3B00F21D59 /* RYNetworkConst.h */ = {isa = PBXFileReference; fileEncoding = 4; lastKnownFileType = sourcecode.c.h; path = RYNetworkConst.h; sourceTree = "<group>"; };
		7563FC2E20CE2F3B00F21D59 /* RYNetworkTool.h */ = {isa = PBXFileReference; fileEncoding = 4; lastKnownFileType = sourcecode.c.h; path = RYNetworkTool.h; sourceTree = "<group>"; };
		7563FC3020CE2F3B00F21D59 /* RYHttpClient.m */ = {isa = PBXFileReference; fileEncoding = 4; lastKnownFileType = sourcecode.c.objc; path = RYHttpClient.m; sourceTree = "<group>"; };
		7563FC3120CE2F3B00F21D59 /* RYBatchRequest.m */ = {isa = PBXFileReference; fileEncoding = 4; lastKnownFileType = sourcecode.c.objc; path = RYBatchRequest.m; sourceTree = "<group>"; };
		7563FC3220CE2F3B00F21D59 /* RYNetworkConfig.h */ = {isa = PBXFileReference; fileEncoding = 4; lastKnownFileType = sourcecode.c.h; path = RYNetworkConfig.h; sourceTree = "<group>"; };
		7563FC3320CE2F3B00F21D59 /* RYChainRequest.h */ = {isa = PBXFileReference; fileEncoding = 4; lastKnownFileType = sourcecode.c.h; path = RYChainRequest.h; sourceTree = "<group>"; };
		7563FC3420CE2F3B00F21D59 /* RYBatchRequest.h */ = {isa = PBXFileReference; fileEncoding = 4; lastKnownFileType = sourcecode.c.h; path = RYBatchRequest.h; sourceTree = "<group>"; };
		7563FC3520CE2F3B00F21D59 /* RYHttpClient.h */ = {isa = PBXFileReference; fileEncoding = 4; lastKnownFileType = sourcecode.c.h; path = RYHttpClient.h; sourceTree = "<group>"; };
		7563FC3620CE2F3B00F21D59 /* RYNetworkConfig.m */ = {isa = PBXFileReference; fileEncoding = 4; lastKnownFileType = sourcecode.c.objc; path = RYNetworkConfig.m; sourceTree = "<group>"; };
		7563FC3720CE2F3B00F21D59 /* RYChainRequest.m */ = {isa = PBXFileReference; fileEncoding = 4; lastKnownFileType = sourcecode.c.objc; path = RYChainRequest.m; sourceTree = "<group>"; };
		7880014C302D54DA13C1ED10 /* Pods-RYNetworking.debug.xcconfig */ = {isa = PBXFileReference; includeInIndex = 1; lastKnownFileType = text.xcconfig; name = "Pods-RYNetworking.debug.xcconfig"; path = "Pods/Target Support Files/Pods-RYNetworking/Pods-RYNetworking.debug.xcconfig"; sourceTree = "<group>"; };
		CF72FB03F81E7C6108755C98 /* Pods-RYNetworking.release.xcconfig */ = {isa = PBXFileReference; includeInIndex = 1; lastKnownFileType = text.xcconfig; name = "Pods-RYNetworking.release.xcconfig"; path = "Pods/Target Support Files/Pods-RYNetworking/Pods-RYNetworking.release.xcconfig"; sourceTree = "<group>"; };
		F907DFFD8F4E7F29BB2C80B6 /* libPods-RYNetworking.a */ = {isa = PBXFileReference; explicitFileType = archive.ar; includeInIndex = 0; path = "libPods-RYNetworking.a"; sourceTree = BUILT_PRODUCTS_DIR; };
/* End PBXFileReference section */

/* Begin PBXFrameworksBuildPhase section */
		7563FC0620CE2EA400F21D59 /* Frameworks */ = {
			isa = PBXFrameworksBuildPhase;
			buildActionMask = 2147483647;
			files = (
				1D01ADE7BFCDDCE8BCD0549F /* libPods-RYNetworking.a in Frameworks */,
			);
			runOnlyForDeploymentPostprocessing = 0;
		};
/* End PBXFrameworksBuildPhase section */

/* Begin PBXGroup section */
		27FACB41A1F38C89AEAE2AA3 /* Pods */ = {
			isa = PBXGroup;
			children = (
				7880014C302D54DA13C1ED10 /* Pods-RYNetworking.debug.xcconfig */,
				CF72FB03F81E7C6108755C98 /* Pods-RYNetworking.release.xcconfig */,
			);
			name = Pods;
			sourceTree = "<group>";
		};
		705EBD68AFDE779A2088C848 /* Frameworks */ = {
			isa = PBXGroup;
			children = (
				F907DFFD8F4E7F29BB2C80B6 /* libPods-RYNetworking.a */,
			);
			name = Frameworks;
			sourceTree = "<group>";
		};
		7563FC0020CE2EA400F21D59 = {
			isa = PBXGroup;
			children = (
				7563FC0B20CE2EA400F21D59 /* RYNetworking */,
				7563FC0A20CE2EA400F21D59 /* Products */,
				27FACB41A1F38C89AEAE2AA3 /* Pods */,
				705EBD68AFDE779A2088C848 /* Frameworks */,
			);
			sourceTree = "<group>";
		};
		7563FC0A20CE2EA400F21D59 /* Products */ = {
			isa = PBXGroup;
			children = (
				7563FC0920CE2EA400F21D59 /* RYNetworking.app */,
			);
			name = Products;
			sourceTree = "<group>";
		};
		7563FC0B20CE2EA400F21D59 /* RYNetworking */ = {
			isa = PBXGroup;
			children = (
				7563FC2220CE2F3B00F21D59 /* RYNetworking */,
				7563FC0C20CE2EA400F21D59 /* AppDelegate.h */,
				7563FC0D20CE2EA400F21D59 /* AppDelegate.m */,
				7563FC0F20CE2EA400F21D59 /* ViewController.h */,
				7563FC1020CE2EA400F21D59 /* ViewController.m */,
				7563FC1220CE2EA400F21D59 /* Main.storyboard */,
				7563FC1520CE2EA500F21D59 /* Assets.xcassets */,
				7563FC1720CE2EA500F21D59 /* LaunchScreen.storyboard */,
				7563FC1A20CE2EA500F21D59 /* Info.plist */,
				7563FC1B20CE2EA500F21D59 /* main.m */,
			);
			path = RYNetworking;
			sourceTree = "<group>";
		};
		7563FC2220CE2F3B00F21D59 /* RYNetworking */ = {
			isa = PBXGroup;
			children = (
				7563FC2320CE2F3B00F21D59 /* Manager */,
				7563FC2F20CE2F3B00F21D59 /* Client */,
			);
			path = RYNetworking;
			sourceTree = "<group>";
		};
		7563FC2320CE2F3B00F21D59 /* Manager */ = {
			isa = PBXGroup;
			children = (
				7563FC2420CE2F3B00F21D59 /* RYNetworkResponse.h */,
				7563FC2520CE2F3B00F21D59 /* RYNetworkError.h */,
				7563FC2620CE2F3B00F21D59 /* RYNetworkRequest.h */,
				7563FC2720CE2F3B00F21D59 /* RYNetworkManager.m */,
				7563FC2820CE2F3B00F21D59 /* RYNetworkTool.m */,
				7563FC2920CE2F3B00F21D59 /* RYNetworkError.m */,
				7563FC2A20CE2F3B00F21D59 /* RYNetworkResponse.m */,
				7563FC2B20CE2F3B00F21D59 /* RYNetworkRequest.m */,
				7563FC2C20CE2F3B00F21D59 /* RYNetworkManager.h */,
				7563FC2D20CE2F3B00F21D59 /* RYNetworkConst.h */,
				7563FC2E20CE2F3B00F21D59 /* RYNetworkTool.h */,
			);
			path = Manager;
			sourceTree = "<group>";
		};
		7563FC2F20CE2F3B00F21D59 /* Client */ = {
			isa = PBXGroup;
			children = (
				7563FC3020CE2F3B00F21D59 /* RYHttpClient.m */,
				7563FC3120CE2F3B00F21D59 /* RYBatchRequest.m */,
				7563FC3220CE2F3B00F21D59 /* RYNetworkConfig.h */,
				7563FC3320CE2F3B00F21D59 /* RYChainRequest.h */,
				7563FC3420CE2F3B00F21D59 /* RYBatchRequest.h */,
				7563FC3520CE2F3B00F21D59 /* RYHttpClient.h */,
				7563FC3620CE2F3B00F21D59 /* RYNetworkConfig.m */,
				7563FC3720CE2F3B00F21D59 /* RYChainRequest.m */,
			);
			path = Client;
			sourceTree = "<group>";
		};
/* End PBXGroup section */

/* Begin PBXNativeTarget section */
		7563FC0820CE2EA400F21D59 /* RYNetworking */ = {
			isa = PBXNativeTarget;
			buildConfigurationList = 7563FC1F20CE2EA500F21D59 /* Build configuration list for PBXNativeTarget "RYNetworking" */;
			buildPhases = (
				ADFC91829C3D98C2457FFCC2 /* [CP] Check Pods Manifest.lock */,
				7563FC0520CE2EA400F21D59 /* Sources */,
				7563FC0620CE2EA400F21D59 /* Frameworks */,
				7563FC0720CE2EA400F21D59 /* Resources */,
			);
			buildRules = (
			);
			dependencies = (
			);
			name = RYNetworking;
			productName = RYNetworking;
			productReference = 7563FC0920CE2EA400F21D59 /* RYNetworking.app */;
			productType = "com.apple.product-type.application";
		};
/* End PBXNativeTarget section */

/* Begin PBXProject section */
		7563FC0120CE2EA400F21D59 /* Project object */ = {
			isa = PBXProject;
			attributes = {
				LastUpgradeCheck = 0940;
				ORGANIZATIONNAME = Ryeagle;
				TargetAttributes = {
					7563FC0820CE2EA400F21D59 = {
						CreatedOnToolsVersion = 9.4;
					};
				};
			};
			buildConfigurationList = 7563FC0420CE2EA400F21D59 /* Build configuration list for PBXProject "RYNetworking" */;
			compatibilityVersion = "Xcode 9.3";
			developmentRegion = en;
			hasScannedForEncodings = 0;
			knownRegions = (
				en,
				Base,
			);
			mainGroup = 7563FC0020CE2EA400F21D59;
			productRefGroup = 7563FC0A20CE2EA400F21D59 /* Products */;
			projectDirPath = "";
			projectRoot = "";
			targets = (
				7563FC0820CE2EA400F21D59 /* RYNetworking */,
			);
		};
/* End PBXProject section */

/* Begin PBXResourcesBuildPhase section */
		7563FC0720CE2EA400F21D59 /* Resources */ = {
			isa = PBXResourcesBuildPhase;
			buildActionMask = 2147483647;
			files = (
				7563FC1920CE2EA500F21D59 /* LaunchScreen.storyboard in Resources */,
				7563FC1620CE2EA500F21D59 /* Assets.xcassets in Resources */,
				7563FC1420CE2EA400F21D59 /* Main.storyboard in Resources */,
			);
			runOnlyForDeploymentPostprocessing = 0;
		};
/* End PBXResourcesBuildPhase section */

/* Begin PBXShellScriptBuildPhase section */
		ADFC91829C3D98C2457FFCC2 /* [CP] Check Pods Manifest.lock */ = {
			isa = PBXShellScriptBuildPhase;
			buildActionMask = 2147483647;
			files = (
			);
			inputPaths = (
				"${PODS_PODFILE_DIR_PATH}/Podfile.lock",
				"${PODS_ROOT}/Manifest.lock",
			);
			name = "[CP] Check Pods Manifest.lock";
			outputPaths = (
				"$(DERIVED_FILE_DIR)/Pods-RYNetworking-checkManifestLockResult.txt",
			);
			runOnlyForDeploymentPostprocessing = 0;
			shellPath = /bin/sh;
			shellScript = "diff \"${PODS_PODFILE_DIR_PATH}/Podfile.lock\" \"${PODS_ROOT}/Manifest.lock\" > /dev/null\nif [ $? != 0 ] ; then\n    # print error to STDERR\n    echo \"error: The sandbox is not in sync with the Podfile.lock. Run 'pod install' or update your CocoaPods installation.\" >&2\n    exit 1\nfi\n# This output is used by Xcode 'outputs' to avoid re-running this script phase.\necho \"SUCCESS\" > \"${SCRIPT_OUTPUT_FILE_0}\"\n";
			showEnvVarsInLog = 0;
		};
/* End PBXShellScriptBuildPhase section */

/* Begin PBXSourcesBuildPhase section */
		7563FC0520CE2EA400F21D59 /* Sources */ = {
			isa = PBXSourcesBuildPhase;
			buildActionMask = 2147483647;
			files = (
				7563FC3920CE2F3B00F21D59 /* RYNetworkTool.m in Sources */,
				7563FC3B20CE2F3B00F21D59 /* RYNetworkResponse.m in Sources */,
				7563FC4020CE2F3B00F21D59 /* RYChainRequest.m in Sources */,
				7563FC1120CE2EA400F21D59 /* ViewController.m in Sources */,
				7563FC3F20CE2F3B00F21D59 /* RYNetworkConfig.m in Sources */,
				7563FC3C20CE2F3B00F21D59 /* RYNetworkRequest.m in Sources */,
				7563FC3A20CE2F3B00F21D59 /* RYNetworkError.m in Sources */,
				7563FC3D20CE2F3B00F21D59 /* RYHttpClient.m in Sources */,
				7563FC3820CE2F3B00F21D59 /* RYNetworkManager.m in Sources */,
				7563FC1C20CE2EA500F21D59 /* main.m in Sources */,
				7563FC0E20CE2EA400F21D59 /* AppDelegate.m in Sources */,
				7563FC3E20CE2F3B00F21D59 /* RYBatchRequest.m in Sources */,
			);
			runOnlyForDeploymentPostprocessing = 0;
		};
/* End PBXSourcesBuildPhase section */

/* Begin PBXVariantGroup section */
		7563FC1220CE2EA400F21D59 /* Main.storyboard */ = {
			isa = PBXVariantGroup;
			children = (
				7563FC1320CE2EA400F21D59 /* Base */,
			);
			name = Main.storyboard;
			sourceTree = "<group>";
		};
		7563FC1720CE2EA500F21D59 /* LaunchScreen.storyboard */ = {
			isa = PBXVariantGroup;
			children = (
				7563FC1820CE2EA500F21D59 /* Base */,
			);
			name = LaunchScreen.storyboard;
			sourceTree = "<group>";
		};
/* End PBXVariantGroup section */

/* Begin XCBuildConfiguration section */
		7563FC1D20CE2EA500F21D59 /* Debug */ = {
			isa = XCBuildConfiguration;
			buildSettings = {
				ALWAYS_SEARCH_USER_PATHS = NO;
				CLANG_ANALYZER_NONNULL = YES;
				CLANG_ANALYZER_NUMBER_OBJECT_CONVERSION = YES_AGGRESSIVE;
				CLANG_CXX_LANGUAGE_STANDARD = "gnu++14";
				CLANG_CXX_LIBRARY = "libc++";
				CLANG_ENABLE_MODULES = YES;
				CLANG_ENABLE_OBJC_ARC = YES;
				CLANG_ENABLE_OBJC_WEAK = YES;
				CLANG_WARN_BLOCK_CAPTURE_AUTORELEASING = YES;
				CLANG_WARN_BOOL_CONVERSION = YES;
				CLANG_WARN_COMMA = YES;
				CLANG_WARN_CONSTANT_CONVERSION = YES;
				CLANG_WARN_DEPRECATED_OBJC_IMPLEMENTATIONS = YES;
				CLANG_WARN_DIRECT_OBJC_ISA_USAGE = YES_ERROR;
				CLANG_WARN_DOCUMENTATION_COMMENTS = YES;
				CLANG_WARN_EMPTY_BODY = YES;
				CLANG_WARN_ENUM_CONVERSION = YES;
				CLANG_WARN_INFINITE_RECURSION = YES;
				CLANG_WARN_INT_CONVERSION = YES;
				CLANG_WARN_NON_LITERAL_NULL_CONVERSION = YES;
				CLANG_WARN_OBJC_IMPLICIT_RETAIN_SELF = YES;
				CLANG_WARN_OBJC_LITERAL_CONVERSION = YES;
				CLANG_WARN_OBJC_ROOT_CLASS = YES_ERROR;
				CLANG_WARN_RANGE_LOOP_ANALYSIS = YES;
				CLANG_WARN_STRICT_PROTOTYPES = YES;
				CLANG_WARN_SUSPICIOUS_MOVE = YES;
				CLANG_WARN_UNGUARDED_AVAILABILITY = YES_AGGRESSIVE;
				CLANG_WARN_UNREACHABLE_CODE = YES;
				CLANG_WARN__DUPLICATE_METHOD_MATCH = YES;
				CODE_SIGN_IDENTITY = "iPhone Developer";
				COPY_PHASE_STRIP = NO;
				DEBUG_INFORMATION_FORMAT = dwarf;
				ENABLE_STRICT_OBJC_MSGSEND = YES;
				ENABLE_TESTABILITY = YES;
				GCC_C_LANGUAGE_STANDARD = gnu11;
				GCC_DYNAMIC_NO_PIC = NO;
				GCC_NO_COMMON_BLOCKS = YES;
				GCC_OPTIMIZATION_LEVEL = 0;
				GCC_PREPROCESSOR_DEFINITIONS = (
					"DEBUG=1",
					"$(inherited)",
				);
				GCC_WARN_64_TO_32_BIT_CONVERSION = YES;
				GCC_WARN_ABOUT_RETURN_TYPE = YES_ERROR;
				GCC_WARN_UNDECLARED_SELECTOR = YES;
				GCC_WARN_UNINITIALIZED_AUTOS = YES_AGGRESSIVE;
				GCC_WARN_UNUSED_FUNCTION = YES;
				GCC_WARN_UNUSED_VARIABLE = YES;
				IPHONEOS_DEPLOYMENT_TARGET = 11.4;
				MTL_ENABLE_DEBUG_INFO = YES;
				ONLY_ACTIVE_ARCH = YES;
				SDKROOT = iphoneos;
			};
			name = Debug;
		};
		7563FC1E20CE2EA500F21D59 /* Release */ = {
			isa = XCBuildConfiguration;
			buildSettings = {
				ALWAYS_SEARCH_USER_PATHS = NO;
				CLANG_ANALYZER_NONNULL = YES;
				CLANG_ANALYZER_NUMBER_OBJECT_CONVERSION = YES_AGGRESSIVE;
				CLANG_CXX_LANGUAGE_STANDARD = "gnu++14";
				CLANG_CXX_LIBRARY = "libc++";
				CLANG_ENABLE_MODULES = YES;
				CLANG_ENABLE_OBJC_ARC = YES;
				CLANG_ENABLE_OBJC_WEAK = YES;
				CLANG_WARN_BLOCK_CAPTURE_AUTORELEASING = YES;
				CLANG_WARN_BOOL_CONVERSION = YES;
				CLANG_WARN_COMMA = YES;
				CLANG_WARN_CONSTANT_CONVERSION = YES;
				CLANG_WARN_DEPRECATED_OBJC_IMPLEMENTATIONS = YES;
				CLANG_WARN_DIRECT_OBJC_ISA_USAGE = YES_ERROR;
				CLANG_WARN_DOCUMENTATION_COMMENTS = YES;
				CLANG_WARN_EMPTY_BODY = YES;
				CLANG_WARN_ENUM_CONVERSION = YES;
				CLANG_WARN_INFINITE_RECURSION = YES;
				CLANG_WARN_INT_CONVERSION = YES;
				CLANG_WARN_NON_LITERAL_NULL_CONVERSION = YES;
				CLANG_WARN_OBJC_IMPLICIT_RETAIN_SELF = YES;
				CLANG_WARN_OBJC_LITERAL_CONVERSION = YES;
				CLANG_WARN_OBJC_ROOT_CLASS = YES_ERROR;
				CLANG_WARN_RANGE_LOOP_ANALYSIS = YES;
				CLANG_WARN_STRICT_PROTOTYPES = YES;
				CLANG_WARN_SUSPICIOUS_MOVE = YES;
				CLANG_WARN_UNGUARDED_AVAILABILITY = YES_AGGRESSIVE;
				CLANG_WARN_UNREACHABLE_CODE = YES;
				CLANG_WARN__DUPLICATE_METHOD_MATCH = YES;
				CODE_SIGN_IDENTITY = "iPhone Developer";
				COPY_PHASE_STRIP = NO;
				DEBUG_INFORMATION_FORMAT = "dwarf-with-dsym";
				ENABLE_NS_ASSERTIONS = NO;
				ENABLE_STRICT_OBJC_MSGSEND = YES;
				GCC_C_LANGUAGE_STANDARD = gnu11;
				GCC_NO_COMMON_BLOCKS = YES;
				GCC_WARN_64_TO_32_BIT_CONVERSION = YES;
				GCC_WARN_ABOUT_RETURN_TYPE = YES_ERROR;
				GCC_WARN_UNDECLARED_SELECTOR = YES;
				GCC_WARN_UNINITIALIZED_AUTOS = YES_AGGRESSIVE;
				GCC_WARN_UNUSED_FUNCTION = YES;
				GCC_WARN_UNUSED_VARIABLE = YES;
				IPHONEOS_DEPLOYMENT_TARGET = 11.4;
				MTL_ENABLE_DEBUG_INFO = NO;
				SDKROOT = iphoneos;
				VALIDATE_PRODUCT = YES;
			};
			name = Release;
		};
		7563FC2020CE2EA500F21D59 /* Debug */ = {
			isa = XCBuildConfiguration;
			baseConfigurationReference = 7880014C302D54DA13C1ED10 /* Pods-RYNetworking.debug.xcconfig */;
			buildSettings = {
				ASSETCATALOG_COMPILER_APPICON_NAME = AppIcon;
				CODE_SIGN_STYLE = Automatic;
				INFOPLIST_FILE = RYNetworking/Info.plist;
				LD_RUNPATH_SEARCH_PATHS = "$(inherited) @executable_path/Frameworks";
				PRODUCT_BUNDLE_IDENTIFIER = com.ryeagler.RYNetworking;
				PRODUCT_NAME = "$(TARGET_NAME)";
				TARGETED_DEVICE_FAMILY = "1,2";
			};
			name = Debug;
		};
		7563FC2120CE2EA500F21D59 /* Release */ = {
			isa = XCBuildConfiguration;
			baseConfigurationReference = CF72FB03F81E7C6108755C98 /* Pods-RYNetworking.release.xcconfig */;
			buildSettings = {
				ASSETCATALOG_COMPILER_APPICON_NAME = AppIcon;
				CODE_SIGN_STYLE = Automatic;
				INFOPLIST_FILE = RYNetworking/Info.plist;
				LD_RUNPATH_SEARCH_PATHS = "$(inherited) @executable_path/Frameworks";
				PRODUCT_BUNDLE_IDENTIFIER = com.ryeagler.RYNetworking;
				PRODUCT_NAME = "$(TARGET_NAME)";
				TARGETED_DEVICE_FAMILY = "1,2";
			};
			name = Release;
		};
/* End XCBuildConfiguration section */

/* Begin XCConfigurationList section */
		7563FC0420CE2EA400F21D59 /* Build configuration list for PBXProject "RYNetworking" */ = {
			isa = XCConfigurationList;
			buildConfigurations = (
				7563FC1D20CE2EA500F21D59 /* Debug */,
				7563FC1E20CE2EA500F21D59 /* Release */,
			);
			defaultConfigurationIsVisible = 0;
			defaultConfigurationName = Release;
		};
		7563FC1F20CE2EA500F21D59 /* Build configuration list for PBXNativeTarget "RYNetworking" */ = {
			isa = XCConfigurationList;
			buildConfigurations = (
				7563FC2020CE2EA500F21D59 /* Debug */,
				7563FC2120CE2EA500F21D59 /* Release */,
			);
			defaultConfigurationIsVisible = 0;
			defaultConfigurationName = Release;
		};
/* End XCConfigurationList section */
	};
	rootObject = 7563FC0120CE2EA400F21D59 /* Project object */;
}
