// !$*UTF8*$!
{
	archiveVersion = 1;
	classes = {
	};
	objectVersion = 50;
	objects = {

/* Begin PBXBuildFile section */
		1D01ADE7BFCDDCE8BCD0549F /* libPods-RYNetworking.a in Frameworks */ = {isa = PBXBuildFile; fileRef = F907DFFD8F4E7F29BB2C80B6 /* libPods-RYNetworking.a */; };
		754B38B820CE3606006B3997 /* SSLPinningTableVC.m in Sources */ = {isa = PBXBuildFile; fileRef = 754B389220CE3606006B3997 /* SSLPinningTableVC.m */; };
		754B38B920CE3606006B3997 /* SSLPinningVM.m in Sources */ = {isa = PBXBuildFile; fileRef = 754B389320CE3606006B3997 /* SSLPinningVM.m */; };
		754B38BA20CE3606006B3997 /* BatchRequestVC.m in Sources */ = {isa = PBXBuildFile; fileRef = 754B389520CE3606006B3997 /* BatchRequestVC.m */; };
		754B38BB20CE3606006B3997 /* BatchRequestViewModel.m in Sources */ = {isa = PBXBuildFile; fileRef = 754B389620CE3606006B3997 /* BatchRequestViewModel.m */; };
		754B38BC20CE3606006B3997 /* DownloadViewController.m in Sources */ = {isa = PBXBuildFile; fileRef = 754B389A20CE3606006B3997 /* DownloadViewController.m */; };
		754B38BD20CE3606006B3997 /* HomeViewModel.m in Sources */ = {isa = PBXBuildFile; fileRef = 754B389E20CE3606006B3997 /* HomeViewModel.m */; };
		754B38BE20CE3606006B3997 /* HomeTableVC.m in Sources */ = {isa = PBXBuildFile; fileRef = 754B38A020CE3606006B3997 /* HomeTableVC.m */; };
		754B38BF20CE3606006B3997 /* NormalRequestViewModel.m in Sources */ = {isa = PBXBuildFile; fileRef = 754B38A220CE3606006B3997 /* NormalRequestViewModel.m */; };
		754B38C020CE3606006B3997 /* NormalRequestVC.m in Sources */ = {isa = PBXBuildFile; fileRef = 754B38A520CE3606006B3997 /* NormalRequestVC.m */; };
		754B38C120CE3606006B3997 /* ChainRequestVM.m in Sources */ = {isa = PBXBuildFile; fileRef = 754B38A920CE3606006B3997 /* ChainRequestVM.m */; };
		754B38C220CE3606006B3997 /* ChainRequestTableVC.m in Sources */ = {isa = PBXBuildFile; fileRef = 754B38AA20CE3606006B3997 /* ChainRequestTableVC.m */; };
		754B38C320CE3606006B3997 /* UIWindow+NetworkingDemo.m in Sources */ = {isa = PBXBuildFile; fileRef = 754B38AC20CE3606006B3997 /* UIWindow+NetworkingDemo.m */; };
		754B38C420CE3606006B3997 /* TableViewModel.m in Sources */ = {isa = PBXBuildFile; fileRef = 754B38B120CE3606006B3997 /* TableViewModel.m */; };
		754B38C520CE3606006B3997 /* TableViewController.m in Sources */ = {isa = PBXBuildFile; fileRef = 754B38B220CE3606006B3997 /* TableViewController.m */; };
		754B38C620CE3606006B3997 /* AlertHelper.m in Sources */ = {isa = PBXBuildFile; fileRef = 754B38B420CE3606006B3997 /* AlertHelper.m */; };
		754B38C720CE3606006B3997 /* UploadController.m in Sources */ = {isa = PBXBuildFile; fileRef = 754B38B720CE3606006B3997 /* UploadController.m */; };
		754B38CB20CE37B2006B3997 /* httpbin.org.cer in Resources */ = {isa = PBXBuildFile; fileRef = 754B38CA20CE37B2006B3997 /* httpbin.org.cer */; };
		7563FC0E20CE2EA400F21D59 /* AppDelegate.m in Sources */ = {isa = PBXBuildFile; fileRef = 7563FC0D20CE2EA400F21D59 /* AppDelegate.m */; };
		7563FC1120CE2EA400F21D59 /* ViewController.m in Sources */ = {isa = PBXBuildFile; fileRef = 7563FC1020CE2EA400F21D59 /* ViewController.m */; };
		7563FC1420CE2EA400F21D59 /* Main.storyboard in Resources */ = {isa = PBXBuildFile; fileRef = 7563FC1220CE2EA400F21D59 /* Main.storyboard */; };
		7563FC1620CE2EA500F21D59 /* Assets.xcassets in Resources */ = {isa = PBXBuildFile; fileRef = 7563FC1520CE2EA500F21D59 /* Assets.xcassets */; };
		7563FC1920CE2EA500F21D59 /* LaunchScreen.storyboard in Resources */ = {isa = PBXBuildFile; fileRef = 7563FC1720CE2EA500F21D59 /* LaunchScreen.storyboard */; };
		7563FC1C20CE2EA500F21D59 /* main.m in Sources */ = {isa = PBXBuildFile; fileRef = 7563FC1B20CE2EA500F21D59 /* main.m */; };
		7563FC3820CE2F3B00F21D59 /* RYNetworkManager.m in Sources */ = {isa = PBXBuildFile; fileRef = 7563FC2720CE2F3B00F21D59 /* RYNetworkManager.m */; };
		7563FC3920CE2F3B00F21D59 /* RYNetworkTool.m in Sources */ = {isa = PBXBuildFile; fileRef = 7563FC2820CE2F3B00F21D59 /* RYNetworkTool.m */; };
		7563FC3A20CE2F3B00F21D59 /* RYNetworkError.m in Sources */ = {isa = PBXBuildFile; fileRef = 7563FC2920CE2F3B00F21D59 /* RYNetworkError.m */; };
		7563FC3B20CE2F3B00F21D59 /* RYNetworkResponse.m in Sources */ = {isa = PBXBuildFile; fileRef = 7563FC2A20CE2F3B00F21D59 /* RYNetworkResponse.m */; };
		7563FC3C20CE2F3B00F21D59 /* RYNetworkRequest.m in Sources */ = {isa = PBXBuildFile; fileRef = 7563FC2B20CE2F3B00F21D59 /* RYNetworkRequest.m */; };
		7563FC3D20CE2F3B00F21D59 /* RYHttpClient.m in Sources */ = {isa = PBXBuildFile; fileRef = 7563FC3020CE2F3B00F21D59 /* RYHttpClient.m */; };
		7563FC3E20CE2F3B00F21D59 /* RYBatchRequest.m in Sources */ = {isa = PBXBuildFile; fileRef = 7563FC3120CE2F3B00F21D59 /* RYBatchRequest.m */; };
		7563FC3F20CE2F3B00F21D59 /* RYNetworkConfig.m in Sources */ = {isa = PBXBuildFile; fileRef = 7563FC3620CE2F3B00F21D59 /* RYNetworkConfig.m */; };
		7563FC4020CE2F3B00F21D59 /* RYChainRequest.m in Sources */ = {isa = PBXBuildFile; fileRef = 7563FC3720CE2F3B00F21D59 /* RYChainRequest.m */; };
/* End PBXBuildFile section */

/* Begin PBXFileReference section */
		754B389020CE3606006B3997 /* SSLPinningTableVC.h */ = {isa = PBXFileReference; fileEncoding = 4; lastKnownFileType = sourcecode.c.h; path = SSLPinningTableVC.h; sourceTree = "<group>"; };
		754B389120CE3606006B3997 /* SSLPinningVM.h */ = {isa = PBXFileReference; fileEncoding = 4; lastKnownFileType = sourcecode.c.h; path = SSLPinningVM.h; sourceTree = "<group>"; };
		754B389220CE3606006B3997 /* SSLPinningTableVC.m */ = {isa = PBXFileReference; fileEncoding = 4; lastKnownFileType = sourcecode.c.objc; path = SSLPinningTableVC.m; sourceTree = "<group>"; };
		754B389320CE3606006B3997 /* SSLPinningVM.m */ = {isa = PBXFileReference; fileEncoding = 4; lastKnownFileType = sourcecode.c.objc; path = SSLPinningVM.m; sourceTree = "<group>"; };
		754B389520CE3606006B3997 /* BatchRequestVC.m */ = {isa = PBXFileReference; fileEncoding = 4; lastKnownFileType = sourcecode.c.objc; path = BatchRequestVC.m; sourceTree = "<group>"; };
		754B389620CE3606006B3997 /* BatchRequestViewModel.m */ = {isa = PBXFileReference; fileEncoding = 4; lastKnownFileType = sourcecode.c.objc; path = BatchRequestViewModel.m; sourceTree = "<group>"; };
		754B389720CE3606006B3997 /* BatchRequestVC.h */ = {isa = PBXFileReference; fileEncoding = 4; lastKnownFileType = sourcecode.c.h; path = BatchRequestVC.h; sourceTree = "<group>"; };
		754B389820CE3606006B3997 /* BatchRequestViewModel.h */ = {isa = PBXFileReference; fileEncoding = 4; lastKnownFileType = sourcecode.c.h; path = BatchRequestViewModel.h; sourceTree = "<group>"; };
		754B389A20CE3606006B3997 /* DownloadViewController.m */ = {isa = PBXFileReference; fileEncoding = 4; lastKnownFileType = sourcecode.c.objc; path = DownloadViewController.m; sourceTree = "<group>"; };
		754B389B20CE3606006B3997 /* DownloadViewController.h */ = {isa = PBXFileReference; fileEncoding = 4; lastKnownFileType = sourcecode.c.h; path = DownloadViewController.h; sourceTree = "<group>"; };
		754B389D20CE3606006B3997 /* HomeTableVC.h */ = {isa = PBXFileReference; fileEncoding = 4; lastKnownFileType = sourcecode.c.h; path = HomeTableVC.h; sourceTree = "<group>"; };
		754B389E20CE3606006B3997 /* HomeViewModel.m */ = {isa = PBXFileReference; fileEncoding = 4; lastKnownFileType = sourcecode.c.objc; path = HomeViewModel.m; sourceTree = "<group>"; };
		754B389F20CE3606006B3997 /* HomeViewModel.h */ = {isa = PBXFileReference; fileEncoding = 4; lastKnownFileType = sourcecode.c.h; path = HomeViewModel.h; sourceTree = "<group>"; };
		754B38A020CE3606006B3997 /* HomeTableVC.m */ = {isa = PBXFileReference; fileEncoding = 4; lastKnownFileType = sourcecode.c.objc; path = HomeTableVC.m; sourceTree = "<group>"; };
		754B38A220CE3606006B3997 /* NormalRequestViewModel.m */ = {isa = PBXFileReference; fileEncoding = 4; lastKnownFileType = sourcecode.c.objc; path = NormalRequestViewModel.m; sourceTree = "<group>"; };
		754B38A320CE3606006B3997 /* NormalRequestVC.h */ = {isa = PBXFileReference; fileEncoding = 4; lastKnownFileType = sourcecode.c.h; path = NormalRequestVC.h; sourceTree = "<group>"; };
		754B38A420CE3606006B3997 /* NormalRequestViewModel.h */ = {isa = PBXFileReference; fileEncoding = 4; lastKnownFileType = sourcecode.c.h; path = NormalRequestViewModel.h; sourceTree = "<group>"; };
		754B38A520CE3606006B3997 /* NormalRequestVC.m */ = {isa = PBXFileReference; fileEncoding = 4; lastKnownFileType = sourcecode.c.objc; path = NormalRequestVC.m; sourceTree = "<group>"; };
		754B38A720CE3606006B3997 /* ChainRequestTableVC.h */ = {isa = PBXFileReference; fileEncoding = 4; lastKnownFileType = sourcecode.c.h; path = ChainRequestTableVC.h; sourceTree = "<group>"; };
		754B38A820CE3606006B3997 /* ChainRequestVM.h */ = {isa = PBXFileReference; fileEncoding = 4; lastKnownFileType = sourcecode.c.h; path = ChainRequestVM.h; sourceTree = "<group>"; };
		754B38A920CE3606006B3997 /* ChainRequestVM.m */ = {isa = PBXFileReference; fileEncoding = 4; lastKnownFileType = sourcecode.c.objc; path = ChainRequestVM.m; sourceTree = "<group>"; };
		754B38AA20CE3606006B3997 /* ChainRequestTableVC.m */ = {isa = PBXFileReference; fileEncoding = 4; lastKnownFileType = sourcecode.c.objc; path = ChainRequestTableVC.m; sourceTree = "<group>"; };
		754B38AC20CE3606006B3997 /* UIWindow+NetworkingDemo.m */ = {isa = PBXFileReference; fileEncoding = 4; lastKnownFileType = sourcecode.c.objc; path = "UIWindow+NetworkingDemo.m"; sourceTree = "<group>"; };
		754B38AD20CE3606006B3997 /* AlertHelper.h */ = {isa = PBXFileReference; fileEncoding = 4; lastKnownFileType = sourcecode.c.h; path = AlertHelper.h; sourceTree = "<group>"; };
		754B38AE20CE3606006B3997 /* UIWindow+NetworkingDemo.h */ = {isa = PBXFileReference; fileEncoding = 4; lastKnownFileType = sourcecode.c.h; path = "UIWindow+NetworkingDemo.h"; sourceTree = "<group>"; };
		754B38B020CE3606006B3997 /* TableViewController.h */ = {isa = PBXFileReference; fileEncoding = 4; lastKnownFileType = sourcecode.c.h; path = TableViewController.h; sourceTree = "<group>"; };
		754B38B120CE3606006B3997 /* TableViewModel.m */ = {isa = PBXFileReference; fileEncoding = 4; lastKnownFileType = sourcecode.c.objc; path = TableViewModel.m; sourceTree = "<group>"; };
		754B38B220CE3606006B3997 /* TableViewController.m */ = {isa = PBXFileReference; fileEncoding = 4; lastKnownFileType = sourcecode.c.objc; path = TableViewController.m; sourceTree = "<group>"; };
		754B38B320CE3606006B3997 /* TableViewModel.h */ = {isa = PBXFileReference; fileEncoding = 4; lastKnownFileType = sourcecode.c.h; path = TableViewModel.h; sourceTree = "<group>"; };
		754B38B420CE3606006B3997 /* AlertHelper.m */ = {isa = PBXFileReference; fileEncoding = 4; lastKnownFileType = sourcecode.c.objc; path = AlertHelper.m; sourceTree = "<group>"; };
		754B38B620CE3606006B3997 /* UploadController.h */ = {isa = PBXFileReference; fileEncoding = 4; lastKnownFileType = sourcecode.c.h; path = UploadController.h; sourceTree = "<group>"; };
		754B38B720CE3606006B3997 /* UploadController.m */ = {isa = PBXFileReference; fileEncoding = 4; lastKnownFileType = sourcecode.c.objc; path = UploadController.m; sourceTree = "<group>"; };
		754B38C820CE3636006B3997 /* rynetworking.pch */ = {isa = PBXFileReference; fileEncoding = 4; lastKnownFileType = sourcecode.c.h; path = rynetworking.pch; sourceTree = "<group>"; };
		754B38CA20CE37B2006B3997 /* httpbin.org.cer */ = {isa = PBXFileReference; lastKnownFileType = file; path = httpbin.org.cer; sourceTree = "<group>"; };
		7563FC0920CE2EA400F21D59 /* RYNetworking.app */ = {isa = PBXFileReference; explicitFileType = wrapper.application; includeInIndex = 0; path = RYNetworking.app; sourceTree = BUILT_PRODUCTS_DIR; };
		7563FC0C20CE2EA400F21D59 /* AppDelegate.h */ = {isa = PBXFileReference; lastKnownFileType = sourcecode.c.h; path = AppDelegate.h; sourceTree = "<group>"; };
		7563FC0D20CE2EA400F21D59 /* AppDelegate.m */ = {isa = PBXFileReference; lastKnownFileType = sourcecode.c.objc; path = AppDelegate.m; sourceTree = "<group>"; };
		7563FC0F20CE2EA400F21D59 /* ViewController.h */ = {isa = PBXFileReference; lastKnownFileType = sourcecode.c.h; path = ViewController.h; sourceTree = "<group>"; };
		7563FC1020CE2EA400F21D59 /* ViewController.m */ = {isa = PBXFileReference; lastKnownFileType = sourcecode.c.objc; path = ViewController.m; sourceTree = "<group>"; };
		7563FC1320CE2EA400F21D59 /* Base */ = {isa = PBXFileReference; lastKnownFileType = file.storyboard; name = Base; path = Base.lproj/Main.storyboard; sourceTree = "<group>"; };
		7563FC1520CE2EA500F21D59 /* Assets.xcassets */ = {isa = PBXFileReference; lastKnownFileType = folder.assetcatalog; path = Assets.xcassets; sourceTree = "<group>"; };
		7563FC1820CE2EA500F21D59 /* Base */ = {isa = PBXFileReference; lastKnownFileType = file.storyboard; name = Base; path = Base.lproj/LaunchScreen.storyboard; sourceTree = "<group>"; };
		7563FC1A20CE2EA500F21D59 /* Info.plist */ = {isa = PBXFileReference; lastKnownFileType = text.plist.xml; path = Info.plist; sourceTree = "<group>"; };
		7563FC1B20CE2EA500F21D59 /* main.m */ = {isa = PBXFileReference; lastKnownFileType = sourcecode.c.objc; path = main.m; sourceTree = "<group>"; };
		7563FC2420CE2F3B00F21D59 /* RYNetworkResponse.h */ = {isa = PBXFileReference; fileEncoding = 4; lastKnownFileType = sourcecode.c.h; path = RYNetworkResponse.h; sourceTree = "<group>"; };
		7563FC2520CE2F3B00F21D59 /* RYNetworkError.h */ = {isa = PBXFileReference; fileEncoding = 4; lastKnownFileType = sourcecode.c.h; path = RYNetworkError.h; sourceTree = "<group>"; };
		7563FC2620CE2F3B00F21D59 /* RYNetworkRequest.h */ = {isa = PBXFileReference; fileEncoding = 4; lastKnownFileType = sourcecode.c.h; path = RYNetworkRequest.h; sourceTree = "<group>"; };
		7563FC2720CE2F3B00F21D59 /* RYNetworkManager.m */ = {isa = PBXFileReference; fileEncoding = 4; lastKnownFileType = sourcecode.c.objc; path = RYNetworkManager.m; sourceTree = "<group>"; };
		7563FC2820CE2F3B00F21D59 /* RYNetworkTool.m */ = {isa = PBXFileReference; fileEncoding = 4; lastKnownFileType = sourcecode.c.objc; path = RYNetworkTool.m; sourceTree = "<group>"; };
		7563FC2920CE2F3B00F21D59 /* RYNetworkError.m */ = {isa = PBXFileReference; fileEncoding = 4; lastKnownFileType = sourcecode.c.objc; path = RYNetworkError.m; sourceTree = "<group>"; };
		7563FC2A20CE2F3B00F21D59 /* RYNetworkResponse.m */ = {isa = PBXFileReference; fileEncoding = 4; lastKnownFileType = sourcecode.c.objc; path = RYNetworkResponse.m; sourceTree = "<group>"; };
		7563FC2B20CE2F3B00F21D59 /* RYNetworkRequest.m */ = {isa = PBXFileReference; fileEncoding = 4; lastKnownFileType = sourcecode.c.objc; path = RYNetworkRequest.m; sourceTree = "<group>"; };
		7563FC2C20CE2F3B00F21D59 /* RYNetworkManager.h */ = {isa = PBXFileReference; fileEncoding = 4; lastKnownFileType = sourcecode.c.h; path = RYNetworkManager.h; sourceTree = "<group>"; };
		7563FC2D20CE2F3B00F21D59 /* RYNetworkConst.h */ = {isa = PBXFileReference; fileEncoding = 4; lastKnownFileType = sourcecode.c.h; path = RYNetworkConst.h; sourceTree = "<group>"; };
		7563FC2E20CE2F3B00F21D59 /* RYNetworkTool.h */ = {isa = PBXFileReference; fileEncoding = 4; lastKnownFileType = sourcecode.c.h; path = RYNetworkTool.h; sourceTree = "<group>"; };
		7563FC3020CE2F3B00F21D59 /* RYHttpClient.m */ = {isa = PBXFileReference; fileEncoding = 4; lastKnownFileType = sourcecode.c.objc; path = RYHttpClient.m; sourceTree = "<group>"; };
		7563FC3120CE2F3B00F21D59 /* RYBatchRequest.m */ = {isa = PBXFileReference; fileEncoding = 4; lastKnownFileType = sourcecode.c.objc; path = RYBatchRequest.m; sourceTree = "<group>"; };
		7563FC3220CE2F3B00F21D59 /* RYNetworkConfig.h */ = {isa = PBXFileReference; fileEncoding = 4; lastKnownFileType = sourcecode.c.h; path = RYNetworkConfig.h; sourceTree = "<group>"; };
		7563FC3320CE2F3B00F21D59 /* RYChainRequest.h */ = {isa = PBXFileReference; fileEncoding = 4; lastKnownFileType = sourcecode.c.h; path = RYChainRequest.h; sourceTree = "<group>"; };
		7563FC3420CE2F3B00F21D59 /* RYBatchRequest.h */ = {isa = PBXFileReference; fileEncoding = 4; lastKnownFileType = sourcecode.c.h; path = RYBatchRequest.h; sourceTree = "<group>"; };
		7563FC3520CE2F3B00F21D59 /* RYHttpClient.h */ = {isa = PBXFileReference; fileEncoding = 4; lastKnownFileType = sourcecode.c.h; path = RYHttpClient.h; sourceTree = "<group>"; };
		7563FC3620CE2F3B00F21D59 /* RYNetworkConfig.m */ = {isa = PBXFileReference; fileEncoding = 4; lastKnownFileType = sourcecode.c.objc; path = RYNetworkConfig.m; sourceTree = "<group>"; };
		7563FC3720CE2F3B00F21D59 /* RYChainRequest.m */ = {isa = PBXFileReference; fileEncoding = 4; lastKnownFileType = sourcecode.c.objc; path = RYChainRequest.m; sourceTree = "<group>"; };
		7880014C302D54DA13C1ED10 /* Pods-RYNetworking.debug.xcconfig */ = {isa = PBXFileReference; includeInIndex = 1; lastKnownFileType = text.xcconfig; name = "Pods-RYNetworking.debug.xcconfig"; path = "Pods/Target Support Files/Pods-RYNetworking/Pods-RYNetworking.debug.xcconfig"; sourceTree = "<group>"; };
		CF72FB03F81E7C6108755C98 /* Pods-RYNetworking.release.xcconfig */ = {isa = PBXFileReference; includeInIndex = 1; lastKnownFileType = text.xcconfig; name = "Pods-RYNetworking.release.xcconfig"; path = "Pods/Target Support Files/Pods-RYNetworking/Pods-RYNetworking.release.xcconfig"; sourceTree = "<group>"; };
		F907DFFD8F4E7F29BB2C80B6 /* libPods-RYNetworking.a */ = {isa = PBXFileReference; explicitFileType = archive.ar; includeInIndex = 0; path = "libPods-RYNetworking.a"; sourceTree = BUILT_PRODUCTS_DIR; };
/* End PBXFileReference section */

/* Begin PBXFrameworksBuildPhase section */
		7563FC0620CE2EA400F21D59 /* Frameworks */ = {
			isa = PBXFrameworksBuildPhase;
			buildActionMask = 2147483647;
			files = (
				1D01ADE7BFCDDCE8BCD0549F /* libPods-RYNetworking.a in Frameworks */,
			);
			runOnlyForDeploymentPostprocessing = 0;
		};
/* End PBXFrameworksBuildPhase section */

/* Begin PBXGroup section */
		27FACB41A1F38C89AEAE2AA3 /* Pods */ = {
			isa = PBXGroup;
			children = (
				7880014C302D54DA13C1ED10 /* Pods-RYNetworking.debug.xcconfig */,
				CF72FB03F81E7C6108755C98 /* Pods-RYNetworking.release.xcconfig */,
			);
			name = Pods;
			sourceTree = "<group>";
		};
		705EBD68AFDE779A2088C848 /* Frameworks */ = {
			isa = PBXGroup;
			children = (
				F907DFFD8F4E7F29BB2C80B6 /* libPods-RYNetworking.a */,
			);
			name = Frameworks;
			sourceTree = "<group>";
		};
		754B388E20CE35EB006B3997 /* Demos */ = {
			isa = PBXGroup;
			children = (
				754B38C920CE3796006B3997 /* Resource */,
				754B38AB20CE3606006B3997 /* Tools */,
				754B389C20CE3606006B3997 /* Home */,
				754B38A120CE3606006B3997 /* NormalRequest */,
				754B38B520CE3606006B3997 /* Upload */,
				754B389420CE3606006B3997 /* BathRequest */,
				754B38A620CE3606006B3997 /* ChainRequest */,
				754B389920CE3606006B3997 /* Download */,
				754B388F20CE3606006B3997 /* SSLPinningRequest */,
			);
			path = Demos;
			sourceTree = "<group>";
		};
		754B388F20CE3606006B3997 /* SSLPinningRequest */ = {
			isa = PBXGroup;
			children = (
				754B389020CE3606006B3997 /* SSLPinningTableVC.h */,
				754B389120CE3606006B3997 /* SSLPinningVM.h */,
				754B389220CE3606006B3997 /* SSLPinningTableVC.m */,
				754B389320CE3606006B3997 /* SSLPinningVM.m */,
			);
			path = SSLPinningRequest;
			sourceTree = "<group>";
		};
		754B389420CE3606006B3997 /* BathRequest */ = {
			isa = PBXGroup;
			children = (
				754B389720CE3606006B3997 /* BatchRequestVC.h */,
				754B389520CE3606006B3997 /* BatchRequestVC.m */,
				754B389820CE3606006B3997 /* BatchRequestViewModel.h */,
				754B389620CE3606006B3997 /* BatchRequestViewModel.m */,
			);
			path = BathRequest;
			sourceTree = "<group>";
		};
		754B389920CE3606006B3997 /* Download */ = {
			isa = PBXGroup;
			children = (
				754B389B20CE3606006B3997 /* DownloadViewController.h */,
				754B389A20CE3606006B3997 /* DownloadViewController.m */,
			);
			path = Download;
			sourceTree = "<group>";
		};
		754B389C20CE3606006B3997 /* Home */ = {
			isa = PBXGroup;
			children = (
				754B389D20CE3606006B3997 /* HomeTableVC.h */,
				754B38A020CE3606006B3997 /* HomeTableVC.m */,
				754B389F20CE3606006B3997 /* HomeViewModel.h */,
				754B389E20CE3606006B3997 /* HomeViewModel.m */,
			);
			path = Home;
			sourceTree = "<group>";
		};
		754B38A120CE3606006B3997 /* NormalRequest */ = {
			isa = PBXGroup;
			children = (
				754B38A320CE3606006B3997 /* NormalRequestVC.h */,
				754B38A520CE3606006B3997 /* NormalRequestVC.m */,
				754B38A420CE3606006B3997 /* NormalRequestViewModel.h */,
				754B38A220CE3606006B3997 /* NormalRequestViewModel.m */,
			);
			path = NormalRequest;
			sourceTree = "<group>";
		};
		754B38A620CE3606006B3997 /* ChainRequest */ = {
			isa = PBXGroup;
			children = (
				754B38A720CE3606006B3997 /* ChainRequestTableVC.h */,
				754B38AA20CE3606006B3997 /* ChainRequestTableVC.m */,
				754B38A820CE3606006B3997 /* ChainRequestVM.h */,
				754B38A920CE3606006B3997 /* ChainRequestVM.m */,
			);
			path = ChainRequest;
			sourceTree = "<group>";
		};
		754B38AB20CE3606006B3997 /* Tools */ = {
			isa = PBXGroup;
			children = (
				754B38AF20CE3606006B3997 /* BaseTableView */,
				754B38AD20CE3606006B3997 /* AlertHelper.h */,
				754B38B420CE3606006B3997 /* AlertHelper.m */,
				754B38AE20CE3606006B3997 /* UIWindow+NetworkingDemo.h */,
				754B38AC20CE3606006B3997 /* UIWindow+NetworkingDemo.m */,
			);
			path = Tools;
			sourceTree = "<group>";
		};
		754B38AF20CE3606006B3997 /* BaseTableView */ = {
			isa = PBXGroup;
			children = (
				754B38B020CE3606006B3997 /* TableViewController.h */,
				754B38B120CE3606006B3997 /* TableViewModel.m */,
				754B38B220CE3606006B3997 /* TableViewController.m */,
				754B38B320CE3606006B3997 /* TableViewModel.h */,
			);
			path = BaseTableView;
			sourceTree = "<group>";
		};
		754B38B520CE3606006B3997 /* Upload */ = {
			isa = PBXGroup;
			children = (
				754B38B620CE3606006B3997 /* UploadController.h */,
				754B38B720CE3606006B3997 /* UploadController.m */,
			);
			path = Upload;
			sourceTree = "<group>";
		};
		754B38C920CE3796006B3997 /* Resource */ = {
			isa = PBXGroup;
			children = (
				754B38CA20CE37B2006B3997 /* httpbin.org.cer */,
			);
			path = Resource;
			sourceTree = "<group>";
		};
		7563FC0020CE2EA400F21D59 = {
			isa = PBXGroup;
			children = (
				7563FC0B20CE2EA400F21D59 /* RYNetworking */,
				7563FC0A20CE2EA400F21D59 /* Products */,
				27FACB41A1F38C89AEAE2AA3 /* Pods */,
				705EBD68AFDE779A2088C848 /* Frameworks */,
			);
			sourceTree = "<group>";
		};
		7563FC0A20CE2EA400F21D59 /* Products */ = {
			isa = PBXGroup;
			children = (
				7563FC0920CE2EA400F21D59 /* RYNetworking.app */,
			);
			name = Products;
			sourceTree = "<group>";
		};
		7563FC0B20CE2EA400F21D59 /* RYNetworking */ = {
			isa = PBXGroup;
			children = (
				7563FC2220CE2F3B00F21D59 /* RYNetworking */,
				754B388E20CE35EB006B3997 /* Demos */,
				7563FC0C20CE2EA400F21D59 /* AppDelegate.h */,
				7563FC0D20CE2EA400F21D59 /* AppDelegate.m */,
				7563FC0F20CE2EA400F21D59 /* ViewController.h */,
				7563FC1020CE2EA400F21D59 /* ViewController.m */,
				7563FC1220CE2EA400F21D59 /* Main.storyboard */,
				7563FC1520CE2EA500F21D59 /* Assets.xcassets */,
				7563FC1720CE2EA500F21D59 /* LaunchScreen.storyboard */,
				754B38C820CE3636006B3997 /* rynetworking.pch */,
				7563FC1A20CE2EA500F21D59 /* Info.plist */,
				7563FC1B20CE2EA500F21D59 /* main.m */,
			);
			path = RYNetworking;
			sourceTree = "<group>";
		};
		7563FC2220CE2F3B00F21D59 /* RYNetworking */ = {
			isa = PBXGroup;
			children = (
				7563FC2320CE2F3B00F21D59 /* Manager */,
				7563FC2F20CE2F3B00F21D59 /* Client */,
			);
			path = RYNetworking;
			sourceTree = "<group>";
		};
		7563FC2320CE2F3B00F21D59 /* Manager */ = {
			isa = PBXGroup;
			children = (
				7563FC2420CE2F3B00F21D59 /* RYNetworkResponse.h */,
				7563FC2520CE2F3B00F21D59 /* RYNetworkError.h */,
				7563FC2620CE2F3B00F21D59 /* RYNetworkRequest.h */,
				7563FC2720CE2F3B00F21D59 /* RYNetworkManager.m */,
				7563FC2820CE2F3B00F21D59 /* RYNetworkTool.m */,
				7563FC2920CE2F3B00F21D59 /* RYNetworkError.m */,
				7563FC2A20CE2F3B00F21D59 /* RYNetworkResponse.m */,
				7563FC2B20CE2F3B00F21D59 /* RYNetworkRequest.m */,
				7563FC2C20CE2F3B00F21D59 /* RYNetworkManager.h */,
				7563FC2D20CE2F3B00F21D59 /* RYNetworkConst.h */,
				7563FC2E20CE2F3B00F21D59 /* RYNetworkTool.h */,
			);
			path = Manager;
			sourceTree = "<group>";
		};
		7563FC2F20CE2F3B00F21D59 /* Client */ = {
			isa = PBXGroup;
			children = (
				7563FC3020CE2F3B00F21D59 /* RYHttpClient.m */,
				7563FC3120CE2F3B00F21D59 /* RYBatchRequest.m */,
				7563FC3220CE2F3B00F21D59 /* RYNetworkConfig.h */,
				7563FC3320CE2F3B00F21D59 /* RYChainRequest.h */,
				7563FC3420CE2F3B00F21D59 /* RYBatchRequest.h */,
				7563FC3520CE2F3B00F21D59 /* RYHttpClient.h */,
				7563FC3620CE2F3B00F21D59 /* RYNetworkConfig.m */,
				7563FC3720CE2F3B00F21D59 /* RYChainRequest.m */,
			);
			path = Client;
			sourceTree = "<group>";
		};
/* End PBXGroup section */

/* Begin PBXNativeTarget section */
		7563FC0820CE2EA400F21D59 /* RYNetworking */ = {
			isa = PBXNativeTarget;
			buildConfigurationList = 7563FC1F20CE2EA500F21D59 /* Build configuration list for PBXNativeTarget "RYNetworking" */;
			buildPhases = (
				ADFC91829C3D98C2457FFCC2 /* [CP] Check Pods Manifest.lock */,
				7563FC0520CE2EA400F21D59 /* Sources */,
				7563FC0620CE2EA400F21D59 /* Frameworks */,
				7563FC0720CE2EA400F21D59 /* Resources */,
			);
			buildRules = (
			);
			dependencies = (
			);
			name = RYNetworking;
			productName = RYNetworking;
			productReference = 7563FC0920CE2EA400F21D59 /* RYNetworking.app */;
			productType = "com.apple.product-type.application";
		};
/* End PBXNativeTarget section */

/* Begin PBXProject section */
		7563FC0120CE2EA400F21D59 /* Project object */ = {
			isa = PBXProject;
			attributes = {
				LastUpgradeCheck = 0940;
				ORGANIZATIONNAME = Ryeagle;
				TargetAttributes = {
					7563FC0820CE2EA400F21D59 = {
						CreatedOnToolsVersion = 9.4;
					};
				};
			};
			buildConfigurationList = 7563FC0420CE2EA400F21D59 /* Build configuration list for PBXProject "RYNetworking" */;
			compatibilityVersion = "Xcode 9.3";
			developmentRegion = en;
			hasScannedForEncodings = 0;
			knownRegions = (
				en,
				Base,
			);
			mainGroup = 7563FC0020CE2EA400F21D59;
			productRefGroup = 7563FC0A20CE2EA400F21D59 /* Products */;
			projectDirPath = "";
			projectRoot = "";
			targets = (
				7563FC0820CE2EA400F21D59 /* RYNetworking */,
			);
		};
/* End PBXProject section */

/* Begin PBXResourcesBuildPhase section */
		7563FC0720CE2EA400F21D59 /* Resources */ = {
			isa = PBXResourcesBuildPhase;
			buildActionMask = 2147483647;
			files = (
				7563FC1920CE2EA500F21D59 /* LaunchScreen.storyboard in Resources */,
				7563FC1620CE2EA500F21D59 /* Assets.xcassets in Resources */,
				754B38CB20CE37B2006B3997 /* httpbin.org.cer in Resources */,
				7563FC1420CE2EA400F21D59 /* Main.storyboard in Resources */,
			);
			runOnlyForDeploymentPostprocessing = 0;
		};
/* End PBXResourcesBuildPhase section */

/* Begin PBXShellScriptBuildPhase section */
		ADFC91829C3D98C2457FFCC2 /* [CP] Check Pods Manifest.lock */ = {
			isa = PBXShellScriptBuildPhase;
			buildActionMask = 2147483647;
			files = (
			);
			inputPaths = (
				"${PODS_PODFILE_DIR_PATH}/Podfile.lock",
				"${PODS_ROOT}/Manifest.lock",
			);
			name = "[CP] Check Pods Manifest.lock";
			outputPaths = (
				"$(DERIVED_FILE_DIR)/Pods-RYNetworking-checkManifestLockResult.txt",
			);
			runOnlyForDeploymentPostprocessing = 0;
			shellPath = /bin/sh;
			shellScript = "diff \"${PODS_PODFILE_DIR_PATH}/Podfile.lock\" \"${PODS_ROOT}/Manifest.lock\" > /dev/null\nif [ $? != 0 ] ; then\n    # print error to STDERR\n    echo \"error: The sandbox is not in sync with the Podfile.lock. Run 'pod install' or update your CocoaPods installation.\" >&2\n    exit 1\nfi\n# This output is used by Xcode 'outputs' to avoid re-running this script phase.\necho \"SUCCESS\" > \"${SCRIPT_OUTPUT_FILE_0}\"\n";
			showEnvVarsInLog = 0;
		};
/* End PBXShellScriptBuildPhase section */

/* Begin PBXSourcesBuildPhase section */
		7563FC0520CE2EA400F21D59 /* Sources */ = {
			isa = PBXSourcesBuildPhase;
			buildActionMask = 2147483647;
			files = (
				7563FC3920CE2F3B00F21D59 /* RYNetworkTool.m in Sources */,
				754B38C620CE3606006B3997 /* AlertHelper.m in Sources */,
				754B38BF20CE3606006B3997 /* NormalRequestViewModel.m in Sources */,
				754B38C320CE3606006B3997 /* UIWindow+NetworkingDemo.m in Sources */,
				754B38BE20CE3606006B3997 /* HomeTableVC.m in Sources */,
				7563FC3B20CE2F3B00F21D59 /* RYNetworkResponse.m in Sources */,
				7563FC4020CE2F3B00F21D59 /* RYChainRequest.m in Sources */,
				754B38BA20CE3606006B3997 /* BatchRequestVC.m in Sources */,
				754B38C520CE3606006B3997 /* TableViewController.m in Sources */,
				754B38C020CE3606006B3997 /* NormalRequestVC.m in Sources */,
				754B38B920CE3606006B3997 /* SSLPinningVM.m in Sources */,
				754B38C120CE3606006B3997 /* ChainRequestVM.m in Sources */,
				754B38BC20CE3606006B3997 /* DownloadViewController.m in Sources */,
				7563FC1120CE2EA400F21D59 /* ViewController.m in Sources */,
				754B38C220CE3606006B3997 /* ChainRequestTableVC.m in Sources */,
				754B38B820CE3606006B3997 /* SSLPinningTableVC.m in Sources */,
				7563FC3F20CE2F3B00F21D59 /* RYNetworkConfig.m in Sources */,
				7563FC3C20CE2F3B00F21D59 /* RYNetworkRequest.m in Sources */,
				754B38BB20CE3606006B3997 /* BatchRequestViewModel.m in Sources */,
				7563FC3A20CE2F3B00F21D59 /* RYNetworkError.m in Sources */,
				7563FC3D20CE2F3B00F21D59 /* RYHttpClient.m in Sources */,
				7563FC3820CE2F3B00F21D59 /* RYNetworkManager.m in Sources */,
				7563FC1C20CE2EA500F21D59 /* main.m in Sources */,
				754B38BD20CE3606006B3997 /* HomeViewModel.m in Sources */,
				754B38C420CE3606006B3997 /* TableViewModel.m in Sources */,
				7563FC0E20CE2EA400F21D59 /* AppDelegate.m in Sources */,
				754B38C720CE3606006B3997 /* UploadController.m in Sources */,
				7563FC3E20CE2F3B00F21D59 /* RYBatchRequest.m in Sources */,
			);
			runOnlyForDeploymentPostprocessing = 0;
		};
/* End PBXSourcesBuildPhase section */

/* Begin PBXVariantGroup section */
		7563FC1220CE2EA400F21D59 /* Main.storyboard */ = {
			isa = PBXVariantGroup;
			children = (
				7563FC1320CE2EA400F21D59 /* Base */,
			);
			name = Main.storyboard;
			sourceTree = "<group>";
		};
		7563FC1720CE2EA500F21D59 /* LaunchScreen.storyboard */ = {
			isa = PBXVariantGroup;
			children = (
				7563FC1820CE2EA500F21D59 /* Base */,
			);
			name = LaunchScreen.storyboard;
			sourceTree = "<group>";
		};
/* End PBXVariantGroup section */

/* Begin XCBuildConfiguration section */
		7563FC1D20CE2EA500F21D59 /* Debug */ = {
			isa = XCBuildConfiguration;
			buildSettings = {
				ALWAYS_SEARCH_USER_PATHS = NO;
				CLANG_ANALYZER_NONNULL = YES;
				CLANG_ANALYZER_NUMBER_OBJECT_CONVERSION = YES_AGGRESSIVE;
				CLANG_CXX_LANGUAGE_STANDARD = "gnu++14";
				CLANG_CXX_LIBRARY = "libc++";
				CLANG_ENABLE_MODULES = YES;
				CLANG_ENABLE_OBJC_ARC = YES;
				CLANG_ENABLE_OBJC_WEAK = YES;
				CLANG_WARN_BLOCK_CAPTURE_AUTORELEASING = YES;
				CLANG_WARN_BOOL_CONVERSION = YES;
				CLANG_WARN_COMMA = YES;
				CLANG_WARN_CONSTANT_CONVERSION = YES;
				CLANG_WARN_DEPRECATED_OBJC_IMPLEMENTATIONS = YES;
				CLANG_WARN_DIRECT_OBJC_ISA_USAGE = YES_ERROR;
				CLANG_WARN_DOCUMENTATION_COMMENTS = YES;
				CLANG_WARN_EMPTY_BODY = YES;
				CLANG_WARN_ENUM_CONVERSION = YES;
				CLANG_WARN_INFINITE_RECURSION = YES;
				CLANG_WARN_INT_CONVERSION = YES;
				CLANG_WARN_NON_LITERAL_NULL_CONVERSION = YES;
				CLANG_WARN_OBJC_IMPLICIT_RETAIN_SELF = YES;
				CLANG_WARN_OBJC_LITERAL_CONVERSION = YES;
				CLANG_WARN_OBJC_ROOT_CLASS = YES_ERROR;
				CLANG_WARN_RANGE_LOOP_ANALYSIS = YES;
				CLANG_WARN_STRICT_PROTOTYPES = YES;
				CLANG_WARN_SUSPICIOUS_MOVE = YES;
				CLANG_WARN_UNGUARDED_AVAILABILITY = YES_AGGRESSIVE;
				CLANG_WARN_UNREACHABLE_CODE = YES;
				CLANG_WARN__DUPLICATE_METHOD_MATCH = YES;
				CODE_SIGN_IDENTITY = "iPhone Developer";
				COPY_PHASE_STRIP = NO;
				DEBUG_INFORMATION_FORMAT = dwarf;
				ENABLE_STRICT_OBJC_MSGSEND = YES;
				ENABLE_TESTABILITY = YES;
				GCC_C_LANGUAGE_STANDARD = gnu11;
				GCC_DYNAMIC_NO_PIC = NO;
				GCC_NO_COMMON_BLOCKS = YES;
				GCC_OPTIMIZATION_LEVEL = 0;
				GCC_PREPROCESSOR_DEFINITIONS = (
					"DEBUG=1",
					"$(inherited)",
				);
				GCC_WARN_64_TO_32_BIT_CONVERSION = YES;
				GCC_WARN_ABOUT_RETURN_TYPE = YES_ERROR;
				GCC_WARN_UNDECLARED_SELECTOR = YES;
				GCC_WARN_UNINITIALIZED_AUTOS = YES_AGGRESSIVE;
				GCC_WARN_UNUSED_FUNCTION = YES;
				GCC_WARN_UNUSED_VARIABLE = YES;
				IPHONEOS_DEPLOYMENT_TARGET = 11.4;
				MTL_ENABLE_DEBUG_INFO = YES;
				ONLY_ACTIVE_ARCH = YES;
				SDKROOT = iphoneos;
			};
			name = Debug;
		};
		7563FC1E20CE2EA500F21D59 /* Release */ = {
			isa = XCBuildConfiguration;
			buildSettings = {
				ALWAYS_SEARCH_USER_PATHS = NO;
				CLANG_ANALYZER_NONNULL = YES;
				CLANG_ANALYZER_NUMBER_OBJECT_CONVERSION = YES_AGGRESSIVE;
				CLANG_CXX_LANGUAGE_STANDARD = "gnu++14";
				CLANG_CXX_LIBRARY = "libc++";
				CLANG_ENABLE_MODULES = YES;
				CLANG_ENABLE_OBJC_ARC = YES;
				CLANG_ENABLE_OBJC_WEAK = YES;
				CLANG_WARN_BLOCK_CAPTURE_AUTORELEASING = YES;
				CLANG_WARN_BOOL_CONVERSION = YES;
				CLANG_WARN_COMMA = YES;
				CLANG_WARN_CONSTANT_CONVERSION = YES;
				CLANG_WARN_DEPRECATED_OBJC_IMPLEMENTATIONS = YES;
				CLANG_WARN_DIRECT_OBJC_ISA_USAGE = YES_ERROR;
				CLANG_WARN_DOCUMENTATION_COMMENTS = YES;
				CLANG_WARN_EMPTY_BODY = YES;
				CLANG_WARN_ENUM_CONVERSION = YES;
				CLANG_WARN_INFINITE_RECURSION = YES;
				CLANG_WARN_INT_CONVERSION = YES;
				CLANG_WARN_NON_LITERAL_NULL_CONVERSION = YES;
				CLANG_WARN_OBJC_IMPLICIT_RETAIN_SELF = YES;
				CLANG_WARN_OBJC_LITERAL_CONVERSION = YES;
				CLANG_WARN_OBJC_ROOT_CLASS = YES_ERROR;
				CLANG_WARN_RANGE_LOOP_ANALYSIS = YES;
				CLANG_WARN_STRICT_PROTOTYPES = YES;
				CLANG_WARN_SUSPICIOUS_MOVE = YES;
				CLANG_WARN_UNGUARDED_AVAILABILITY = YES_AGGRESSIVE;
				CLANG_WARN_UNREACHABLE_CODE = YES;
				CLANG_WARN__DUPLICATE_METHOD_MATCH = YES;
				CODE_SIGN_IDENTITY = "iPhone Developer";
				COPY_PHASE_STRIP = NO;
				DEBUG_INFORMATION_FORMAT = "dwarf-with-dsym";
				ENABLE_NS_ASSERTIONS = NO;
				ENABLE_STRICT_OBJC_MSGSEND = YES;
				GCC_C_LANGUAGE_STANDARD = gnu11;
				GCC_NO_COMMON_BLOCKS = YES;
				GCC_WARN_64_TO_32_BIT_CONVERSION = YES;
				GCC_WARN_ABOUT_RETURN_TYPE = YES_ERROR;
				GCC_WARN_UNDECLARED_SELECTOR = YES;
				GCC_WARN_UNINITIALIZED_AUTOS = YES_AGGRESSIVE;
				GCC_WARN_UNUSED_FUNCTION = YES;
				GCC_WARN_UNUSED_VARIABLE = YES;
				IPHONEOS_DEPLOYMENT_TARGET = 11.4;
				MTL_ENABLE_DEBUG_INFO = NO;
				SDKROOT = iphoneos;
				VALIDATE_PRODUCT = YES;
			};
			name = Release;
		};
		7563FC2020CE2EA500F21D59 /* Debug */ = {
			isa = XCBuildConfiguration;
			baseConfigurationReference = 7880014C302D54DA13C1ED10 /* Pods-RYNetworking.debug.xcconfig */;
			buildSettings = {
				ASSETCATALOG_COMPILER_APPICON_NAME = AppIcon;
				CODE_SIGN_STYLE = Automatic;
				GCC_PREFIX_HEADER = "$(SRCROOT)/$(PROJECT_NAME)/rynetworking.pch";
				INFOPLIST_FILE = RYNetworking/Info.plist;
				LD_RUNPATH_SEARCH_PATHS = (
					"$(inherited)",
					"@executable_path/Frameworks",
				);
				PRODUCT_BUNDLE_IDENTIFIER = com.ryeagler.RYNetworking;
				PRODUCT_NAME = "$(TARGET_NAME)";
				TARGETED_DEVICE_FAMILY = "1,2";
			};
			name = Debug;
		};
		7563FC2120CE2EA500F21D59 /* Release */ = {
			isa = XCBuildConfiguration;
			baseConfigurationReference = CF72FB03F81E7C6108755C98 /* Pods-RYNetworking.release.xcconfig */;
			buildSettings = {
				ASSETCATALOG_COMPILER_APPICON_NAME = AppIcon;
				CODE_SIGN_STYLE = Automatic;
				GCC_PREFIX_HEADER = "$(SRCROOT)/$(PROJECT_NAME)/rynetworking.pch";
				INFOPLIST_FILE = RYNetworking/Info.plist;
				LD_RUNPATH_SEARCH_PATHS = (
					"$(inherited)",
					"@executable_path/Frameworks",
				);
				PRODUCT_BUNDLE_IDENTIFIER = com.ryeagler.RYNetworking;
				PRODUCT_NAME = "$(TARGET_NAME)";
				TARGETED_DEVICE_FAMILY = "1,2";
			};
			name = Release;
		};
/* End XCBuildConfiguration section */

/* Begin XCConfigurationList section */
		7563FC0420CE2EA400F21D59 /* Build configuration list for PBXProject "RYNetworking" */ = {
			isa = XCConfigurationList;
			buildConfigurations = (
				7563FC1D20CE2EA500F21D59 /* Debug */,
				7563FC1E20CE2EA500F21D59 /* Release */,
			);
			defaultConfigurationIsVisible = 0;
			defaultConfigurationName = Release;
		};
		7563FC1F20CE2EA500F21D59 /* Build configuration list for PBXNativeTarget "RYNetworking" */ = {
			isa = XCConfigurationList;
			buildConfigurations = (
				7563FC2020CE2EA500F21D59 /* Debug */,
				7563FC2120CE2EA500F21D59 /* Release */,
			);
			defaultConfigurationIsVisible = 0;
			defaultConfigurationName = Release;
		};
/* End XCConfigurationList section */
	};
	rootObject = 7563FC0120CE2EA400F21D59 /* Project object */;
}
